# THIS IS AN AUTOGENERATED FILE. DO NOT EDIT THIS FILE DIRECTLY.
# yarn lockfile v1


openzeppelin-solidity@v3.4.1:
  version "3.4.1"
  resolved "https://registry.nlark.com/openzeppelin-solidity/download/openzeppelin-solidity-3.4.1.tgz#c250f0c46b0ed38437b91bba80fed369adf1b09e"
  integrity sha1-wlDwxGsO04Q3uRu6gP7Taa3xsJ4=
