# THIS IS AN AUTOGENERATED FILE. DO NOT EDIT THIS FILE DIRECTLY.
# yarn lockfile v1


openzeppelin-solidity@v4.2.0:
  version "4.2.0"
  resolved "https://registry.nlark.com/openzeppelin-solidity/download/openzeppelin-solidity-4.2.0.tgz#a5e24eabc7c7117afa328aea558561d8106e2181"
  integrity sha1-peJOq8fHEXr6MorqVYVh2BBuIYE=
